// !$*UTF8*$!
{
	archiveVersion = 1;
	classes = {
	};
	objectVersion = 46;
	objects = {

/* Begin PBXBuildFile section */
		362F61B31CF1876F00D261B0 /* MKAnnotationView+WebCache.h in Headers */ = {isa = PBXBuildFile; fileRef = 362F61921CF1876F00D261B0 /* MKAnnotationView+WebCache.h */; settings = {ATTRIBUTES = (Public, ); }; };
		362F61B41CF1876F00D261B0 /* MKAnnotationView+WebCache.m in Sources */ = {isa = PBXBuildFile; fileRef = 362F61931CF1876F00D261B0 /* MKAnnotationView+WebCache.m */; };
		362F61B51CF1876F00D261B0 /* NSData+ImageContentType.h in Headers */ = {isa = PBXBuildFile; fileRef = 362F61941CF1876F00D261B0 /* NSData+ImageContentType.h */; settings = {ATTRIBUTES = (Public, ); }; };
		362F61B61CF1876F00D261B0 /* NSData+ImageContentType.m in Sources */ = {isa = PBXBuildFile; fileRef = 362F61951CF1876F00D261B0 /* NSData+ImageContentType.m */; };
		362F61B71CF1876F00D261B0 /* SDImageCache.h in Headers */ = {isa = PBXBuildFile; fileRef = 362F61961CF1876F00D261B0 /* SDImageCache.h */; settings = {ATTRIBUTES = (Public, ); }; };
		362F61B81CF1876F00D261B0 /* SDImageCache.m in Sources */ = {isa = PBXBuildFile; fileRef = 362F61971CF1876F00D261B0 /* SDImageCache.m */; };
		362F61B91CF1876F00D261B0 /* SDWebImageCompat.h in Headers */ = {isa = PBXBuildFile; fileRef = 362F61981CF1876F00D261B0 /* SDWebImageCompat.h */; settings = {ATTRIBUTES = (Public, ); }; };
		362F61BA1CF1876F00D261B0 /* SDWebImageCompat.m in Sources */ = {isa = PBXBuildFile; fileRef = 362F61991CF1876F00D261B0 /* SDWebImageCompat.m */; };
		362F61BB1CF1876F00D261B0 /* SDWebImageDecoder.h in Headers */ = {isa = PBXBuildFile; fileRef = 362F619A1CF1876F00D261B0 /* SDWebImageDecoder.h */; settings = {ATTRIBUTES = (Public, ); }; };
		362F61BC1CF1876F00D261B0 /* SDWebImageDecoder.m in Sources */ = {isa = PBXBuildFile; fileRef = 362F619B1CF1876F00D261B0 /* SDWebImageDecoder.m */; };
		362F61BD1CF1876F00D261B0 /* SDWebImageDownloader.h in Headers */ = {isa = PBXBuildFile; fileRef = 362F619C1CF1876F00D261B0 /* SDWebImageDownloader.h */; settings = {ATTRIBUTES = (Public, ); }; };
		362F61BE1CF1876F00D261B0 /* SDWebImageDownloader.m in Sources */ = {isa = PBXBuildFile; fileRef = 362F619D1CF1876F00D261B0 /* SDWebImageDownloader.m */; };
		362F61BF1CF1876F00D261B0 /* SDWebImageDownloaderOperation.h in Headers */ = {isa = PBXBuildFile; fileRef = 362F619E1CF1876F00D261B0 /* SDWebImageDownloaderOperation.h */; settings = {ATTRIBUTES = (Public, ); }; };
		362F61C01CF1876F00D261B0 /* SDWebImageDownloaderOperation.m in Sources */ = {isa = PBXBuildFile; fileRef = 362F619F1CF1876F00D261B0 /* SDWebImageDownloaderOperation.m */; };
		362F61C11CF1876F00D261B0 /* SDWebImageManager.h in Headers */ = {isa = PBXBuildFile; fileRef = 362F61A01CF1876F00D261B0 /* SDWebImageManager.h */; settings = {ATTRIBUTES = (Public, ); }; };
		362F61C21CF1876F00D261B0 /* SDWebImageManager.m in Sources */ = {isa = PBXBuildFile; fileRef = 362F61A11CF1876F00D261B0 /* SDWebImageManager.m */; };
		362F61C31CF1876F00D261B0 /* SDWebImageOperation.h in Headers */ = {isa = PBXBuildFile; fileRef = 362F61A21CF1876F00D261B0 /* SDWebImageOperation.h */; settings = {ATTRIBUTES = (Public, ); }; };
		362F61C41CF1876F00D261B0 /* SDWebImagePrefetcher.h in Headers */ = {isa = PBXBuildFile; fileRef = 362F61A31CF1876F00D261B0 /* SDWebImagePrefetcher.h */; settings = {ATTRIBUTES = (Public, ); }; };
		362F61C51CF1876F00D261B0 /* SDWebImagePrefetcher.m in Sources */ = {isa = PBXBuildFile; fileRef = 362F61A41CF1876F00D261B0 /* SDWebImagePrefetcher.m */; };
		362F61C61CF1876F00D261B0 /* UIButton+WebCache.h in Headers */ = {isa = PBXBuildFile; fileRef = 362F61A51CF1876F00D261B0 /* UIButton+WebCache.h */; settings = {ATTRIBUTES = (Public, ); }; };
		362F61C71CF1876F00D261B0 /* UIButton+WebCache.m in Sources */ = {isa = PBXBuildFile; fileRef = 362F61A61CF1876F00D261B0 /* UIButton+WebCache.m */; };
		362F61C81CF1876F00D261B0 /* UIImage+GIF.h in Headers */ = {isa = PBXBuildFile; fileRef = 362F61A71CF1876F00D261B0 /* UIImage+GIF.h */; settings = {ATTRIBUTES = (Public, ); }; };
		362F61C91CF1876F00D261B0 /* UIImage+GIF.m in Sources */ = {isa = PBXBuildFile; fileRef = 362F61A81CF1876F00D261B0 /* UIImage+GIF.m */; };
		362F61CA1CF1876F00D261B0 /* UIImage+MultiFormat.h in Headers */ = {isa = PBXBuildFile; fileRef = 362F61A91CF1876F00D261B0 /* UIImage+MultiFormat.h */; settings = {ATTRIBUTES = (Public, ); }; };
		362F61CB1CF1876F00D261B0 /* UIImage+MultiFormat.m in Sources */ = {isa = PBXBuildFile; fileRef = 362F61AA1CF1876F00D261B0 /* UIImage+MultiFormat.m */; };
		362F61CC1CF1876F00D261B0 /* UIImage+WebP.h in Headers */ = {isa = PBXBuildFile; fileRef = 362F61AB1CF1876F00D261B0 /* UIImage+WebP.h */; settings = {ATTRIBUTES = (Public, ); }; };
		362F61CD1CF1876F00D261B0 /* UIImage+WebP.m in Sources */ = {isa = PBXBuildFile; fileRef = 362F61AC1CF1876F00D261B0 /* UIImage+WebP.m */; };
		362F61CE1CF1876F00D261B0 /* UIImageView+HighlightedWebCache.h in Headers */ = {isa = PBXBuildFile; fileRef = 362F61AD1CF1876F00D261B0 /* UIImageView+HighlightedWebCache.h */; settings = {ATTRIBUTES = (Public, ); }; };
		362F61CF1CF1876F00D261B0 /* UIImageView+HighlightedWebCache.m in Sources */ = {isa = PBXBuildFile; fileRef = 362F61AE1CF1876F00D261B0 /* UIImageView+HighlightedWebCache.m */; };
		362F61D01CF1876F00D261B0 /* UIImageView+WebCache.h in Headers */ = {isa = PBXBuildFile; fileRef = 362F61AF1CF1876F00D261B0 /* UIImageView+WebCache.h */; settings = {ATTRIBUTES = (Public, ); }; };
		362F61D11CF1876F00D261B0 /* UIImageView+WebCache.m in Sources */ = {isa = PBXBuildFile; fileRef = 362F61B01CF1876F00D261B0 /* UIImageView+WebCache.m */; };
		362F61D21CF1876F00D261B0 /* UIView+WebCacheOperation.h in Headers */ = {isa = PBXBuildFile; fileRef = 362F61B11CF1876F00D261B0 /* UIView+WebCacheOperation.h */; settings = {ATTRIBUTES = (Public, ); }; };
		362F61D31CF1876F00D261B0 /* UIView+WebCacheOperation.m in Sources */ = {isa = PBXBuildFile; fileRef = 362F61B21CF1876F00D261B0 /* UIView+WebCacheOperation.m */; };
		362F61EF1CF18E6800D261B0 /* Info.plist in Resources */ = {isa = PBXBuildFile; fileRef = 362F61D51CF18E6800D261B0 /* Info.plist */; };
		362F61F01CF18E6800D261B0 /* MASCompositeConstraint.h in Headers */ = {isa = PBXBuildFile; fileRef = 362F61D61CF18E6800D261B0 /* MASCompositeConstraint.h */; settings = {ATTRIBUTES = (Public, ); }; };
		362F61F11CF18E6800D261B0 /* MASCompositeConstraint.m in Sources */ = {isa = PBXBuildFile; fileRef = 362F61D71CF18E6800D261B0 /* MASCompositeConstraint.m */; };
		362F61F21CF18E6800D261B0 /* MASConstraint+Private.h in Headers */ = {isa = PBXBuildFile; fileRef = 362F61D81CF18E6800D261B0 /* MASConstraint+Private.h */; settings = {ATTRIBUTES = (Public, ); }; };
		362F61F31CF18E6800D261B0 /* MASConstraint.h in Headers */ = {isa = PBXBuildFile; fileRef = 362F61D91CF18E6800D261B0 /* MASConstraint.h */; settings = {ATTRIBUTES = (Public, ); }; };
		362F61F41CF18E6800D261B0 /* MASConstraint.m in Sources */ = {isa = PBXBuildFile; fileRef = 362F61DA1CF18E6800D261B0 /* MASConstraint.m */; };
		362F61F51CF18E6800D261B0 /* MASConstraintMaker.h in Headers */ = {isa = PBXBuildFile; fileRef = 362F61DB1CF18E6800D261B0 /* MASConstraintMaker.h */; settings = {ATTRIBUTES = (Public, ); }; };
		362F61F61CF18E6800D261B0 /* MASConstraintMaker.m in Sources */ = {isa = PBXBuildFile; fileRef = 362F61DC1CF18E6800D261B0 /* MASConstraintMaker.m */; };
		362F61F71CF18E6800D261B0 /* MASLayoutConstraint.h in Headers */ = {isa = PBXBuildFile; fileRef = 362F61DD1CF18E6800D261B0 /* MASLayoutConstraint.h */; settings = {ATTRIBUTES = (Public, ); }; };
		362F61F81CF18E6800D261B0 /* MASLayoutConstraint.m in Sources */ = {isa = PBXBuildFile; fileRef = 362F61DE1CF18E6800D261B0 /* MASLayoutConstraint.m */; };
		362F61F91CF18E6800D261B0 /* Masonry.h in Headers */ = {isa = PBXBuildFile; fileRef = 362F61DF1CF18E6800D261B0 /* Masonry.h */; settings = {ATTRIBUTES = (Public, ); }; };
		362F61FA1CF18E6800D261B0 /* MASUtilities.h in Headers */ = {isa = PBXBuildFile; fileRef = 362F61E01CF18E6800D261B0 /* MASUtilities.h */; settings = {ATTRIBUTES = (Public, ); }; };
		362F61FB1CF18E6800D261B0 /* MASViewAttribute.h in Headers */ = {isa = PBXBuildFile; fileRef = 362F61E11CF18E6800D261B0 /* MASViewAttribute.h */; settings = {ATTRIBUTES = (Public, ); }; };
		362F61FC1CF18E6800D261B0 /* MASViewAttribute.m in Sources */ = {isa = PBXBuildFile; fileRef = 362F61E21CF18E6800D261B0 /* MASViewAttribute.m */; };
		362F61FD1CF18E6800D261B0 /* MASViewConstraint.h in Headers */ = {isa = PBXBuildFile; fileRef = 362F61E31CF18E6800D261B0 /* MASViewConstraint.h */; settings = {ATTRIBUTES = (Public, ); }; };
		362F61FE1CF18E6800D261B0 /* MASViewConstraint.m in Sources */ = {isa = PBXBuildFile; fileRef = 362F61E41CF18E6800D261B0 /* MASViewConstraint.m */; };
		362F61FF1CF18E6800D261B0 /* NSArray+MASAdditions.h in Headers */ = {isa = PBXBuildFile; fileRef = 362F61E51CF18E6800D261B0 /* NSArray+MASAdditions.h */; settings = {ATTRIBUTES = (Public, ); }; };
		362F62001CF18E6800D261B0 /* NSArray+MASAdditions.m in Sources */ = {isa = PBXBuildFile; fileRef = 362F61E61CF18E6800D261B0 /* NSArray+MASAdditions.m */; };
		362F62011CF18E6800D261B0 /* NSArray+MASShorthandAdditions.h in Headers */ = {isa = PBXBuildFile; fileRef = 362F61E71CF18E6800D261B0 /* NSArray+MASShorthandAdditions.h */; settings = {ATTRIBUTES = (Public, ); }; };
		362F62021CF18E6800D261B0 /* NSLayoutConstraint+MASDebugAdditions.h in Headers */ = {isa = PBXBuildFile; fileRef = 362F61E81CF18E6800D261B0 /* NSLayoutConstraint+MASDebugAdditions.h */; settings = {ATTRIBUTES = (Public, ); }; };
		362F62031CF18E6800D261B0 /* NSLayoutConstraint+MASDebugAdditions.m in Sources */ = {isa = PBXBuildFile; fileRef = 362F61E91CF18E6800D261B0 /* NSLayoutConstraint+MASDebugAdditions.m */; };
		362F62041CF18E6800D261B0 /* View+MASAdditions.h in Headers */ = {isa = PBXBuildFile; fileRef = 362F61EA1CF18E6800D261B0 /* View+MASAdditions.h */; settings = {ATTRIBUTES = (Public, ); }; };
		362F62051CF18E6800D261B0 /* View+MASAdditions.m in Sources */ = {isa = PBXBuildFile; fileRef = 362F61EB1CF18E6800D261B0 /* View+MASAdditions.m */; };
		362F62061CF18E6800D261B0 /* View+MASShorthandAdditions.h in Headers */ = {isa = PBXBuildFile; fileRef = 362F61EC1CF18E6800D261B0 /* View+MASShorthandAdditions.h */; settings = {ATTRIBUTES = (Public, ); }; };
		362F62071CF18E6800D261B0 /* ViewController+MASAdditions.h in Headers */ = {isa = PBXBuildFile; fileRef = 362F61ED1CF18E6800D261B0 /* ViewController+MASAdditions.h */; settings = {ATTRIBUTES = (Public, ); }; };
		362F62081CF18E6800D261B0 /* ViewController+MASAdditions.m in Sources */ = {isa = PBXBuildFile; fileRef = 362F61EE1CF18E6800D261B0 /* ViewController+MASAdditions.m */; };
		36679BB61CF163680013D6FE /* RDVTabBar.h in Headers */ = {isa = PBXBuildFile; fileRef = 36679BB01CF163680013D6FE /* RDVTabBar.h */; settings = {ATTRIBUTES = (Public, ); }; };
		36679BB71CF163680013D6FE /* RDVTabBar.m in Sources */ = {isa = PBXBuildFile; fileRef = 36679BB11CF163680013D6FE /* RDVTabBar.m */; };
		36679BB81CF163680013D6FE /* RDVTabBarController.h in Headers */ = {isa = PBXBuildFile; fileRef = 36679BB21CF163680013D6FE /* RDVTabBarController.h */; settings = {ATTRIBUTES = (Public, ); }; };
		36679BB91CF163680013D6FE /* RDVTabBarController.m in Sources */ = {isa = PBXBuildFile; fileRef = 36679BB31CF163680013D6FE /* RDVTabBarController.m */; };
		36679BBA1CF163680013D6FE /* RDVTabBarItem.h in Headers */ = {isa = PBXBuildFile; fileRef = 36679BB41CF163680013D6FE /* RDVTabBarItem.h */; settings = {ATTRIBUTES = (Public, ); }; };
		36679BBB1CF163680013D6FE /* RDVTabBarItem.m in Sources */ = {isa = PBXBuildFile; fileRef = 36679BB51CF163680013D6FE /* RDVTabBarItem.m */; };
		36FC54F71CAB71D70009A775 /* YDKit.h in Headers */ = {isa = PBXBuildFile; fileRef = 36FC54F61CAB71D70009A775 /* YDKit.h */; settings = {ATTRIBUTES = (Public, ); }; };
		36FC54FE1CAB71D70009A775 /* YDKit.framework in Frameworks */ = {isa = PBXBuildFile; fileRef = 36FC54F31CAB71D70009A775 /* YDKit.framework */; };
		36FC55031CAB71D70009A775 /* YDKitTests.m in Sources */ = {isa = PBXBuildFile; fileRef = 36FC55021CAB71D70009A775 /* YDKitTests.m */; };
		36FC55221CAB77B90009A775 /* AFHTTPSessionManager.h in Headers */ = {isa = PBXBuildFile; fileRef = 36FC55151CAB77B90009A775 /* AFHTTPSessionManager.h */; settings = {ATTRIBUTES = (Public, ); }; };
		36FC55231CAB77B90009A775 /* AFHTTPSessionManager.m in Sources */ = {isa = PBXBuildFile; fileRef = 36FC55161CAB77B90009A775 /* AFHTTPSessionManager.m */; };
		36FC55241CAB77B90009A775 /* AFNetworking.h in Headers */ = {isa = PBXBuildFile; fileRef = 36FC55171CAB77B90009A775 /* AFNetworking.h */; settings = {ATTRIBUTES = (Public, ); }; };
		36FC55251CAB77B90009A775 /* AFNetworkReachabilityManager.h in Headers */ = {isa = PBXBuildFile; fileRef = 36FC55181CAB77B90009A775 /* AFNetworkReachabilityManager.h */; settings = {ATTRIBUTES = (Public, ); }; };
		36FC55261CAB77B90009A775 /* AFNetworkReachabilityManager.m in Sources */ = {isa = PBXBuildFile; fileRef = 36FC55191CAB77B90009A775 /* AFNetworkReachabilityManager.m */; };
		36FC55271CAB77B90009A775 /* AFSecurityPolicy.h in Headers */ = {isa = PBXBuildFile; fileRef = 36FC551A1CAB77B90009A775 /* AFSecurityPolicy.h */; settings = {ATTRIBUTES = (Public, ); }; };
		36FC55281CAB77B90009A775 /* AFSecurityPolicy.m in Sources */ = {isa = PBXBuildFile; fileRef = 36FC551B1CAB77B90009A775 /* AFSecurityPolicy.m */; };
		36FC55291CAB77B90009A775 /* AFURLRequestSerialization.h in Headers */ = {isa = PBXBuildFile; fileRef = 36FC551C1CAB77B90009A775 /* AFURLRequestSerialization.h */; settings = {ATTRIBUTES = (Public, ); }; };
		36FC552A1CAB77B90009A775 /* AFURLRequestSerialization.m in Sources */ = {isa = PBXBuildFile; fileRef = 36FC551D1CAB77B90009A775 /* AFURLRequestSerialization.m */; };
		36FC552B1CAB77B90009A775 /* AFURLResponseSerialization.h in Headers */ = {isa = PBXBuildFile; fileRef = 36FC551E1CAB77B90009A775 /* AFURLResponseSerialization.h */; settings = {ATTRIBUTES = (Public, ); }; };
		36FC552C1CAB77B90009A775 /* AFURLResponseSerialization.m in Sources */ = {isa = PBXBuildFile; fileRef = 36FC551F1CAB77B90009A775 /* AFURLResponseSerialization.m */; };
		36FC552D1CAB77B90009A775 /* AFURLSessionManager.h in Headers */ = {isa = PBXBuildFile; fileRef = 36FC55201CAB77B90009A775 /* AFURLSessionManager.h */; settings = {ATTRIBUTES = (Public, ); }; };
		36FC552E1CAB77B90009A775 /* AFURLSessionManager.m in Sources */ = {isa = PBXBuildFile; fileRef = 36FC55211CAB77B90009A775 /* AFURLSessionManager.m */; };
/* End PBXBuildFile section */

/* Begin PBXContainerItemProxy section */
		36FC54FF1CAB71D70009A775 /* PBXContainerItemProxy */ = {
			isa = PBXContainerItemProxy;
			containerPortal = 36FC54EA1CAB71D70009A775 /* Project object */;
			proxyType = 1;
			remoteGlobalIDString = 36FC54F21CAB71D70009A775;
			remoteInfo = YDKit;
		};
/* End PBXContainerItemProxy section */

/* Begin PBXCopyFilesBuildPhase section */
		36FC55121CAB75490009A775 /* CopyFiles */ = {
			isa = PBXCopyFilesBuildPhase;
			buildActionMask = 2147483647;
			dstPath = include;
			dstSubfolderSpec = 16;
			files = (
			);
			runOnlyForDeploymentPostprocessing = 0;
		};
/* End PBXCopyFilesBuildPhase section */

/* Begin PBXFileReference section */
		362F61921CF1876F00D261B0 /* MKAnnotationView+WebCache.h */ = {isa = PBXFileReference; fileEncoding = 4; lastKnownFileType = sourcecode.c.h; path = "MKAnnotationView+WebCache.h"; sourceTree = "<group>"; };
		362F61931CF1876F00D261B0 /* MKAnnotationView+WebCache.m */ = {isa = PBXFileReference; fileEncoding = 4; lastKnownFileType = sourcecode.c.objc; path = "MKAnnotationView+WebCache.m"; sourceTree = "<group>"; };
		362F61941CF1876F00D261B0 /* NSData+ImageContentType.h */ = {isa = PBXFileReference; fileEncoding = 4; lastKnownFileType = sourcecode.c.h; path = "NSData+ImageContentType.h"; sourceTree = "<group>"; };
		362F61951CF1876F00D261B0 /* NSData+ImageContentType.m */ = {isa = PBXFileReference; fileEncoding = 4; lastKnownFileType = sourcecode.c.objc; path = "NSData+ImageContentType.m"; sourceTree = "<group>"; };
		362F61961CF1876F00D261B0 /* SDImageCache.h */ = {isa = PBXFileReference; fileEncoding = 4; lastKnownFileType = sourcecode.c.h; path = SDImageCache.h; sourceTree = "<group>"; };
		362F61971CF1876F00D261B0 /* SDImageCache.m */ = {isa = PBXFileReference; fileEncoding = 4; lastKnownFileType = sourcecode.c.objc; path = SDImageCache.m; sourceTree = "<group>"; };
		362F61981CF1876F00D261B0 /* SDWebImageCompat.h */ = {isa = PBXFileReference; fileEncoding = 4; lastKnownFileType = sourcecode.c.h; path = SDWebImageCompat.h; sourceTree = "<group>"; };
		362F61991CF1876F00D261B0 /* SDWebImageCompat.m */ = {isa = PBXFileReference; fileEncoding = 4; lastKnownFileType = sourcecode.c.objc; path = SDWebImageCompat.m; sourceTree = "<group>"; };
		362F619A1CF1876F00D261B0 /* SDWebImageDecoder.h */ = {isa = PBXFileReference; fileEncoding = 4; lastKnownFileType = sourcecode.c.h; path = SDWebImageDecoder.h; sourceTree = "<group>"; };
		362F619B1CF1876F00D261B0 /* SDWebImageDecoder.m */ = {isa = PBXFileReference; fileEncoding = 4; lastKnownFileType = sourcecode.c.objc; path = SDWebImageDecoder.m; sourceTree = "<group>"; };
		362F619C1CF1876F00D261B0 /* SDWebImageDownloader.h */ = {isa = PBXFileReference; fileEncoding = 4; lastKnownFileType = sourcecode.c.h; path = SDWebImageDownloader.h; sourceTree = "<group>"; };
		362F619D1CF1876F00D261B0 /* SDWebImageDownloader.m */ = {isa = PBXFileReference; fileEncoding = 4; lastKnownFileType = sourcecode.c.objc; path = SDWebImageDownloader.m; sourceTree = "<group>"; };
		362F619E1CF1876F00D261B0 /* SDWebImageDownloaderOperation.h */ = {isa = PBXFileReference; fileEncoding = 4; lastKnownFileType = sourcecode.c.h; path = SDWebImageDownloaderOperation.h; sourceTree = "<group>"; };
		362F619F1CF1876F00D261B0 /* SDWebImageDownloaderOperation.m */ = {isa = PBXFileReference; fileEncoding = 4; lastKnownFileType = sourcecode.c.objc; path = SDWebImageDownloaderOperation.m; sourceTree = "<group>"; };
		362F61A01CF1876F00D261B0 /* SDWebImageManager.h */ = {isa = PBXFileReference; fileEncoding = 4; lastKnownFileType = sourcecode.c.h; path = SDWebImageManager.h; sourceTree = "<group>"; };
		362F61A11CF1876F00D261B0 /* SDWebImageManager.m */ = {isa = PBXFileReference; fileEncoding = 4; lastKnownFileType = sourcecode.c.objc; path = SDWebImageManager.m; sourceTree = "<group>"; };
		362F61A21CF1876F00D261B0 /* SDWebImageOperation.h */ = {isa = PBXFileReference; fileEncoding = 4; lastKnownFileType = sourcecode.c.h; path = SDWebImageOperation.h; sourceTree = "<group>"; };
		362F61A31CF1876F00D261B0 /* SDWebImagePrefetcher.h */ = {isa = PBXFileReference; fileEncoding = 4; lastKnownFileType = sourcecode.c.h; path = SDWebImagePrefetcher.h; sourceTree = "<group>"; };
		362F61A41CF1876F00D261B0 /* SDWebImagePrefetcher.m */ = {isa = PBXFileReference; fileEncoding = 4; lastKnownFileType = sourcecode.c.objc; path = SDWebImagePrefetcher.m; sourceTree = "<group>"; };
		362F61A51CF1876F00D261B0 /* UIButton+WebCache.h */ = {isa = PBXFileReference; fileEncoding = 4; lastKnownFileType = sourcecode.c.h; path = "UIButton+WebCache.h"; sourceTree = "<group>"; };
		362F61A61CF1876F00D261B0 /* UIButton+WebCache.m */ = {isa = PBXFileReference; fileEncoding = 4; lastKnownFileType = sourcecode.c.objc; path = "UIButton+WebCache.m"; sourceTree = "<group>"; };
		362F61A71CF1876F00D261B0 /* UIImage+GIF.h */ = {isa = PBXFileReference; fileEncoding = 4; lastKnownFileType = sourcecode.c.h; path = "UIImage+GIF.h"; sourceTree = "<group>"; };
		362F61A81CF1876F00D261B0 /* UIImage+GIF.m */ = {isa = PBXFileReference; fileEncoding = 4; lastKnownFileType = sourcecode.c.objc; path = "UIImage+GIF.m"; sourceTree = "<group>"; };
		362F61A91CF1876F00D261B0 /* UIImage+MultiFormat.h */ = {isa = PBXFileReference; fileEncoding = 4; lastKnownFileType = sourcecode.c.h; path = "UIImage+MultiFormat.h"; sourceTree = "<group>"; };
		362F61AA1CF1876F00D261B0 /* UIImage+MultiFormat.m */ = {isa = PBXFileReference; fileEncoding = 4; lastKnownFileType = sourcecode.c.objc; path = "UIImage+MultiFormat.m"; sourceTree = "<group>"; };
		362F61AB1CF1876F00D261B0 /* UIImage+WebP.h */ = {isa = PBXFileReference; fileEncoding = 4; lastKnownFileType = sourcecode.c.h; path = "UIImage+WebP.h"; sourceTree = "<group>"; };
		362F61AC1CF1876F00D261B0 /* UIImage+WebP.m */ = {isa = PBXFileReference; fileEncoding = 4; lastKnownFileType = sourcecode.c.objc; path = "UIImage+WebP.m"; sourceTree = "<group>"; };
		362F61AD1CF1876F00D261B0 /* UIImageView+HighlightedWebCache.h */ = {isa = PBXFileReference; fileEncoding = 4; lastKnownFileType = sourcecode.c.h; path = "UIImageView+HighlightedWebCache.h"; sourceTree = "<group>"; };
		362F61AE1CF1876F00D261B0 /* UIImageView+HighlightedWebCache.m */ = {isa = PBXFileReference; fileEncoding = 4; lastKnownFileType = sourcecode.c.objc; path = "UIImageView+HighlightedWebCache.m"; sourceTree = "<group>"; };
		362F61AF1CF1876F00D261B0 /* UIImageView+WebCache.h */ = {isa = PBXFileReference; fileEncoding = 4; lastKnownFileType = sourcecode.c.h; path = "UIImageView+WebCache.h"; sourceTree = "<group>"; };
		362F61B01CF1876F00D261B0 /* UIImageView+WebCache.m */ = {isa = PBXFileReference; fileEncoding = 4; lastKnownFileType = sourcecode.c.objc; path = "UIImageView+WebCache.m"; sourceTree = "<group>"; };
		362F61B11CF1876F00D261B0 /* UIView+WebCacheOperation.h */ = {isa = PBXFileReference; fileEncoding = 4; lastKnownFileType = sourcecode.c.h; path = "UIView+WebCacheOperation.h"; sourceTree = "<group>"; };
		362F61B21CF1876F00D261B0 /* UIView+WebCacheOperation.m */ = {isa = PBXFileReference; fileEncoding = 4; lastKnownFileType = sourcecode.c.objc; path = "UIView+WebCacheOperation.m"; sourceTree = "<group>"; };
		362F61D51CF18E6800D261B0 /* Info.plist */ = {isa = PBXFileReference; fileEncoding = 4; lastKnownFileType = text.plist.xml; path = Info.plist; sourceTree = "<group>"; };
		362F61D61CF18E6800D261B0 /* MASCompositeConstraint.h */ = {isa = PBXFileReference; fileEncoding = 4; lastKnownFileType = sourcecode.c.h; path = MASCompositeConstraint.h; sourceTree = "<group>"; };
		362F61D71CF18E6800D261B0 /* MASCompositeConstraint.m */ = {isa = PBXFileReference; fileEncoding = 4; lastKnownFileType = sourcecode.c.objc; path = MASCompositeConstraint.m; sourceTree = "<group>"; };
		362F61D81CF18E6800D261B0 /* MASConstraint+Private.h */ = {isa = PBXFileReference; fileEncoding = 4; lastKnownFileType = sourcecode.c.h; path = "MASConstraint+Private.h"; sourceTree = "<group>"; };
		362F61D91CF18E6800D261B0 /* MASConstraint.h */ = {isa = PBXFileReference; fileEncoding = 4; lastKnownFileType = sourcecode.c.h; path = MASConstraint.h; sourceTree = "<group>"; };
		362F61DA1CF18E6800D261B0 /* MASConstraint.m */ = {isa = PBXFileReference; fileEncoding = 4; lastKnownFileType = sourcecode.c.objc; path = MASConstraint.m; sourceTree = "<group>"; };
		362F61DB1CF18E6800D261B0 /* MASConstraintMaker.h */ = {isa = PBXFileReference; fileEncoding = 4; lastKnownFileType = sourcecode.c.h; path = MASConstraintMaker.h; sourceTree = "<group>"; };
		362F61DC1CF18E6800D261B0 /* MASConstraintMaker.m */ = {isa = PBXFileReference; fileEncoding = 4; lastKnownFileType = sourcecode.c.objc; path = MASConstraintMaker.m; sourceTree = "<group>"; };
		362F61DD1CF18E6800D261B0 /* MASLayoutConstraint.h */ = {isa = PBXFileReference; fileEncoding = 4; lastKnownFileType = sourcecode.c.h; path = MASLayoutConstraint.h; sourceTree = "<group>"; };
		362F61DE1CF18E6800D261B0 /* MASLayoutConstraint.m */ = {isa = PBXFileReference; fileEncoding = 4; lastKnownFileType = sourcecode.c.objc; path = MASLayoutConstraint.m; sourceTree = "<group>"; };
		362F61DF1CF18E6800D261B0 /* Masonry.h */ = {isa = PBXFileReference; fileEncoding = 4; lastKnownFileType = sourcecode.c.h; path = Masonry.h; sourceTree = "<group>"; };
		362F61E01CF18E6800D261B0 /* MASUtilities.h */ = {isa = PBXFileReference; fileEncoding = 4; lastKnownFileType = sourcecode.c.h; path = MASUtilities.h; sourceTree = "<group>"; };
		362F61E11CF18E6800D261B0 /* MASViewAttribute.h */ = {isa = PBXFileReference; fileEncoding = 4; lastKnownFileType = sourcecode.c.h; path = MASViewAttribute.h; sourceTree = "<group>"; };
		362F61E21CF18E6800D261B0 /* MASViewAttribute.m */ = {isa = PBXFileReference; fileEncoding = 4; lastKnownFileType = sourcecode.c.objc; path = MASViewAttribute.m; sourceTree = "<group>"; };
		362F61E31CF18E6800D261B0 /* MASViewConstraint.h */ = {isa = PBXFileReference; fileEncoding = 4; lastKnownFileType = sourcecode.c.h; path = MASViewConstraint.h; sourceTree = "<group>"; };
		362F61E41CF18E6800D261B0 /* MASViewConstraint.m */ = {isa = PBXFileReference; fileEncoding = 4; lastKnownFileType = sourcecode.c.objc; path = MASViewConstraint.m; sourceTree = "<group>"; };
		362F61E51CF18E6800D261B0 /* NSArray+MASAdditions.h */ = {isa = PBXFileReference; fileEncoding = 4; lastKnownFileType = sourcecode.c.h; path = "NSArray+MASAdditions.h"; sourceTree = "<group>"; };
		362F61E61CF18E6800D261B0 /* NSArray+MASAdditions.m */ = {isa = PBXFileReference; fileEncoding = 4; lastKnownFileType = sourcecode.c.objc; path = "NSArray+MASAdditions.m"; sourceTree = "<group>"; };
		362F61E71CF18E6800D261B0 /* NSArray+MASShorthandAdditions.h */ = {isa = PBXFileReference; fileEncoding = 4; lastKnownFileType = sourcecode.c.h; path = "NSArray+MASShorthandAdditions.h"; sourceTree = "<group>"; };
		362F61E81CF18E6800D261B0 /* NSLayoutConstraint+MASDebugAdditions.h */ = {isa = PBXFileReference; fileEncoding = 4; lastKnownFileType = sourcecode.c.h; path = "NSLayoutConstraint+MASDebugAdditions.h"; sourceTree = "<group>"; };
		362F61E91CF18E6800D261B0 /* NSLayoutConstraint+MASDebugAdditions.m */ = {isa = PBXFileReference; fileEncoding = 4; lastKnownFileType = sourcecode.c.objc; path = "NSLayoutConstraint+MASDebugAdditions.m"; sourceTree = "<group>"; };
		362F61EA1CF18E6800D261B0 /* View+MASAdditions.h */ = {isa = PBXFileReference; fileEncoding = 4; lastKnownFileType = sourcecode.c.h; path = "View+MASAdditions.h"; sourceTree = "<group>"; };
		362F61EB1CF18E6800D261B0 /* View+MASAdditions.m */ = {isa = PBXFileReference; fileEncoding = 4; lastKnownFileType = sourcecode.c.objc; path = "View+MASAdditions.m"; sourceTree = "<group>"; };
		362F61EC1CF18E6800D261B0 /* View+MASShorthandAdditions.h */ = {isa = PBXFileReference; fileEncoding = 4; lastKnownFileType = sourcecode.c.h; path = "View+MASShorthandAdditions.h"; sourceTree = "<group>"; };
		362F61ED1CF18E6800D261B0 /* ViewController+MASAdditions.h */ = {isa = PBXFileReference; fileEncoding = 4; lastKnownFileType = sourcecode.c.h; path = "ViewController+MASAdditions.h"; sourceTree = "<group>"; };
		362F61EE1CF18E6800D261B0 /* ViewController+MASAdditions.m */ = {isa = PBXFileReference; fileEncoding = 4; lastKnownFileType = sourcecode.c.objc; path = "ViewController+MASAdditions.m"; sourceTree = "<group>"; };
		36679BB01CF163680013D6FE /* RDVTabBar.h */ = {isa = PBXFileReference; fileEncoding = 4; lastKnownFileType = sourcecode.c.h; path = RDVTabBar.h; sourceTree = "<group>"; };
		36679BB11CF163680013D6FE /* RDVTabBar.m */ = {isa = PBXFileReference; fileEncoding = 4; lastKnownFileType = sourcecode.c.objc; path = RDVTabBar.m; sourceTree = "<group>"; };
		36679BB21CF163680013D6FE /* RDVTabBarController.h */ = {isa = PBXFileReference; fileEncoding = 4; lastKnownFileType = sourcecode.c.h; path = RDVTabBarController.h; sourceTree = "<group>"; };
		36679BB31CF163680013D6FE /* RDVTabBarController.m */ = {isa = PBXFileReference; fileEncoding = 4; lastKnownFileType = sourcecode.c.objc; path = RDVTabBarController.m; sourceTree = "<group>"; };
		36679BB41CF163680013D6FE /* RDVTabBarItem.h */ = {isa = PBXFileReference; fileEncoding = 4; lastKnownFileType = sourcecode.c.h; path = RDVTabBarItem.h; sourceTree = "<group>"; };
		36679BB51CF163680013D6FE /* RDVTabBarItem.m */ = {isa = PBXFileReference; fileEncoding = 4; lastKnownFileType = sourcecode.c.objc; path = RDVTabBarItem.m; sourceTree = "<group>"; };
		36E2D9C01CAB7E6200B62AB5 /* YDKit-Prefix.pch */ = {isa = PBXFileReference; lastKnownFileType = sourcecode.c.h; path = "YDKit-Prefix.pch"; sourceTree = "<group>"; };
		36FC54F31CAB71D70009A775 /* YDKit.framework */ = {isa = PBXFileReference; explicitFileType = wrapper.framework; includeInIndex = 0; path = YDKit.framework; sourceTree = BUILT_PRODUCTS_DIR; };
		36FC54F61CAB71D70009A775 /* YDKit.h */ = {isa = PBXFileReference; lastKnownFileType = sourcecode.c.h; path = YDKit.h; sourceTree = "<group>"; };
		36FC54F81CAB71D70009A775 /* Info.plist */ = {isa = PBXFileReference; lastKnownFileType = text.plist.xml; path = Info.plist; sourceTree = "<group>"; };
		36FC54FD1CAB71D70009A775 /* YDKitTests.xctest */ = {isa = PBXFileReference; explicitFileType = wrapper.cfbundle; includeInIndex = 0; path = YDKitTests.xctest; sourceTree = BUILT_PRODUCTS_DIR; };
		36FC55021CAB71D70009A775 /* YDKitTests.m */ = {isa = PBXFileReference; lastKnownFileType = sourcecode.c.objc; path = YDKitTests.m; sourceTree = "<group>"; };
		36FC55041CAB71D70009A775 /* Info.plist */ = {isa = PBXFileReference; lastKnownFileType = text.plist.xml; path = Info.plist; sourceTree = "<group>"; };
		36FC55151CAB77B90009A775 /* AFHTTPSessionManager.h */ = {isa = PBXFileReference; fileEncoding = 4; lastKnownFileType = sourcecode.c.h; path = AFHTTPSessionManager.h; sourceTree = "<group>"; };
		36FC55161CAB77B90009A775 /* AFHTTPSessionManager.m */ = {isa = PBXFileReference; fileEncoding = 4; lastKnownFileType = sourcecode.c.objc; path = AFHTTPSessionManager.m; sourceTree = "<group>"; };
		36FC55171CAB77B90009A775 /* AFNetworking.h */ = {isa = PBXFileReference; fileEncoding = 4; lastKnownFileType = sourcecode.c.h; path = AFNetworking.h; sourceTree = "<group>"; };
		36FC55181CAB77B90009A775 /* AFNetworkReachabilityManager.h */ = {isa = PBXFileReference; fileEncoding = 4; lastKnownFileType = sourcecode.c.h; path = AFNetworkReachabilityManager.h; sourceTree = "<group>"; };
		36FC55191CAB77B90009A775 /* AFNetworkReachabilityManager.m */ = {isa = PBXFileReference; fileEncoding = 4; lastKnownFileType = sourcecode.c.objc; path = AFNetworkReachabilityManager.m; sourceTree = "<group>"; };
		36FC551A1CAB77B90009A775 /* AFSecurityPolicy.h */ = {isa = PBXFileReference; fileEncoding = 4; lastKnownFileType = sourcecode.c.h; path = AFSecurityPolicy.h; sourceTree = "<group>"; };
		36FC551B1CAB77B90009A775 /* AFSecurityPolicy.m */ = {isa = PBXFileReference; fileEncoding = 4; lastKnownFileType = sourcecode.c.objc; path = AFSecurityPolicy.m; sourceTree = "<group>"; };
		36FC551C1CAB77B90009A775 /* AFURLRequestSerialization.h */ = {isa = PBXFileReference; fileEncoding = 4; lastKnownFileType = sourcecode.c.h; path = AFURLRequestSerialization.h; sourceTree = "<group>"; };
		36FC551D1CAB77B90009A775 /* AFURLRequestSerialization.m */ = {isa = PBXFileReference; fileEncoding = 4; lastKnownFileType = sourcecode.c.objc; path = AFURLRequestSerialization.m; sourceTree = "<group>"; };
		36FC551E1CAB77B90009A775 /* AFURLResponseSerialization.h */ = {isa = PBXFileReference; fileEncoding = 4; lastKnownFileType = sourcecode.c.h; path = AFURLResponseSerialization.h; sourceTree = "<group>"; };
		36FC551F1CAB77B90009A775 /* AFURLResponseSerialization.m */ = {isa = PBXFileReference; fileEncoding = 4; lastKnownFileType = sourcecode.c.objc; path = AFURLResponseSerialization.m; sourceTree = "<group>"; };
		36FC55201CAB77B90009A775 /* AFURLSessionManager.h */ = {isa = PBXFileReference; fileEncoding = 4; lastKnownFileType = sourcecode.c.h; path = AFURLSessionManager.h; sourceTree = "<group>"; };
		36FC55211CAB77B90009A775 /* AFURLSessionManager.m */ = {isa = PBXFileReference; fileEncoding = 4; lastKnownFileType = sourcecode.c.objc; path = AFURLSessionManager.m; sourceTree = "<group>"; };
/* End PBXFileReference section */

/* Begin PBXFrameworksBuildPhase section */
		36FC54EF1CAB71D70009A775 /* Frameworks */ = {
			isa = PBXFrameworksBuildPhase;
			buildActionMask = 2147483647;
			files = (
			);
			runOnlyForDeploymentPostprocessing = 0;
		};
		36FC54FA1CAB71D70009A775 /* Frameworks */ = {
			isa = PBXFrameworksBuildPhase;
			buildActionMask = 2147483647;
			files = (
				36FC54FE1CAB71D70009A775 /* YDKit.framework in Frameworks */,
			);
			runOnlyForDeploymentPostprocessing = 0;
		};
/* End PBXFrameworksBuildPhase section */

/* Begin PBXGroup section */
		362F61911CF1876F00D261B0 /* SDWebImage */ = {
			isa = PBXGroup;
			children = (
				362F61921CF1876F00D261B0 /* MKAnnotationView+WebCache.h */,
				362F61931CF1876F00D261B0 /* MKAnnotationView+WebCache.m */,
				362F61941CF1876F00D261B0 /* NSData+ImageContentType.h */,
				362F61951CF1876F00D261B0 /* NSData+ImageContentType.m */,
				362F61961CF1876F00D261B0 /* SDImageCache.h */,
				362F61971CF1876F00D261B0 /* SDImageCache.m */,
				362F61981CF1876F00D261B0 /* SDWebImageCompat.h */,
				362F61991CF1876F00D261B0 /* SDWebImageCompat.m */,
				362F619A1CF1876F00D261B0 /* SDWebImageDecoder.h */,
				362F619B1CF1876F00D261B0 /* SDWebImageDecoder.m */,
				362F619C1CF1876F00D261B0 /* SDWebImageDownloader.h */,
				362F619D1CF1876F00D261B0 /* SDWebImageDownloader.m */,
				362F619E1CF1876F00D261B0 /* SDWebImageDownloaderOperation.h */,
				362F619F1CF1876F00D261B0 /* SDWebImageDownloaderOperation.m */,
				362F61A01CF1876F00D261B0 /* SDWebImageManager.h */,
				362F61A11CF1876F00D261B0 /* SDWebImageManager.m */,
				362F61A21CF1876F00D261B0 /* SDWebImageOperation.h */,
				362F61A31CF1876F00D261B0 /* SDWebImagePrefetcher.h */,
				362F61A41CF1876F00D261B0 /* SDWebImagePrefetcher.m */,
				362F61A51CF1876F00D261B0 /* UIButton+WebCache.h */,
				362F61A61CF1876F00D261B0 /* UIButton+WebCache.m */,
				362F61A71CF1876F00D261B0 /* UIImage+GIF.h */,
				362F61A81CF1876F00D261B0 /* UIImage+GIF.m */,
				362F61A91CF1876F00D261B0 /* UIImage+MultiFormat.h */,
				362F61AA1CF1876F00D261B0 /* UIImage+MultiFormat.m */,
				362F61AB1CF1876F00D261B0 /* UIImage+WebP.h */,
				362F61AC1CF1876F00D261B0 /* UIImage+WebP.m */,
				362F61AD1CF1876F00D261B0 /* UIImageView+HighlightedWebCache.h */,
				362F61AE1CF1876F00D261B0 /* UIImageView+HighlightedWebCache.m */,
				362F61AF1CF1876F00D261B0 /* UIImageView+WebCache.h */,
				362F61B01CF1876F00D261B0 /* UIImageView+WebCache.m */,
				362F61B11CF1876F00D261B0 /* UIView+WebCacheOperation.h */,
				362F61B21CF1876F00D261B0 /* UIView+WebCacheOperation.m */,
			);
			path = SDWebImage;
			sourceTree = "<group>";
		};
		362F61D41CF18E6800D261B0 /* Masonry */ = {
			isa = PBXGroup;
			children = (
				362F61D51CF18E6800D261B0 /* Info.plist */,
				362F61D61CF18E6800D261B0 /* MASCompositeConstraint.h */,
				362F61D71CF18E6800D261B0 /* MASCompositeConstraint.m */,
				362F61D81CF18E6800D261B0 /* MASConstraint+Private.h */,
				362F61D91CF18E6800D261B0 /* MASConstraint.h */,
				362F61DA1CF18E6800D261B0 /* MASConstraint.m */,
				362F61DB1CF18E6800D261B0 /* MASConstraintMaker.h */,
				362F61DC1CF18E6800D261B0 /* MASConstraintMaker.m */,
				362F61DD1CF18E6800D261B0 /* MASLayoutConstraint.h */,
				362F61DE1CF18E6800D261B0 /* MASLayoutConstraint.m */,
				362F61DF1CF18E6800D261B0 /* Masonry.h */,
				362F61E01CF18E6800D261B0 /* MASUtilities.h */,
				362F61E11CF18E6800D261B0 /* MASViewAttribute.h */,
				362F61E21CF18E6800D261B0 /* MASViewAttribute.m */,
				362F61E31CF18E6800D261B0 /* MASViewConstraint.h */,
				362F61E41CF18E6800D261B0 /* MASViewConstraint.m */,
				362F61E51CF18E6800D261B0 /* NSArray+MASAdditions.h */,
				362F61E61CF18E6800D261B0 /* NSArray+MASAdditions.m */,
				362F61E71CF18E6800D261B0 /* NSArray+MASShorthandAdditions.h */,
				362F61E81CF18E6800D261B0 /* NSLayoutConstraint+MASDebugAdditions.h */,
				362F61E91CF18E6800D261B0 /* NSLayoutConstraint+MASDebugAdditions.m */,
				362F61EA1CF18E6800D261B0 /* View+MASAdditions.h */,
				362F61EB1CF18E6800D261B0 /* View+MASAdditions.m */,
				362F61EC1CF18E6800D261B0 /* View+MASShorthandAdditions.h */,
				362F61ED1CF18E6800D261B0 /* ViewController+MASAdditions.h */,
				362F61EE1CF18E6800D261B0 /* ViewController+MASAdditions.m */,
			);
			path = Masonry;
			sourceTree = "<group>";
		};
		36679BAE1CF1635F0013D6FE /* Extensions */ = {
			isa = PBXGroup;
			children = (
			);
			path = Extensions;
			sourceTree = "<group>";
		};
		36679BAF1CF163680013D6FE /* RDVTabBarController */ = {
			isa = PBXGroup;
			children = (
				36679BB01CF163680013D6FE /* RDVTabBar.h */,
				36679BB11CF163680013D6FE /* RDVTabBar.m */,
				36679BB21CF163680013D6FE /* RDVTabBarController.h */,
				36679BB31CF163680013D6FE /* RDVTabBarController.m */,
				36679BB41CF163680013D6FE /* RDVTabBarItem.h */,
				36679BB51CF163680013D6FE /* RDVTabBarItem.m */,
			);
			path = RDVTabBarController;
			sourceTree = "<group>";
		};
		36FC54E91CAB71D70009A775 = {
			isa = PBXGroup;
			children = (
				36FC54F41CAB71D70009A775 /* Products */,
				36FC54F51CAB71D70009A775 /* YDKit */,
				36FC55011CAB71D70009A775 /* YDKitTests */,
			);
			sourceTree = "<group>";
		};
		36FC54F41CAB71D70009A775 /* Products */ = {
			isa = PBXGroup;
			children = (
				36FC54F31CAB71D70009A775 /* YDKit.framework */,
				36FC54FD1CAB71D70009A775 /* YDKitTests.xctest */,
			);
			name = Products;
			sourceTree = "<group>";
		};
		36FC54F51CAB71D70009A775 /* YDKit */ = {
			isa = PBXGroup;
			children = (
				36679BAE1CF1635F0013D6FE /* Extensions */,
				36FC55131CAB77B90009A775 /* ThirdPartyLibrary */,
				36FC54F61CAB71D70009A775 /* YDKit.h */,
				36FC54F81CAB71D70009A775 /* Info.plist */,
				36E2D9C01CAB7E6200B62AB5 /* YDKit-Prefix.pch */,
			);
			path = YDKit;
			sourceTree = "<group>";
		};
		36FC55011CAB71D70009A775 /* YDKitTests */ = {
			isa = PBXGroup;
			children = (
				36FC55021CAB71D70009A775 /* YDKitTests.m */,
				36FC55041CAB71D70009A775 /* Info.plist */,
			);
			path = YDKitTests;
			sourceTree = "<group>";
		};
		36FC55131CAB77B90009A775 /* ThirdPartyLibrary */ = {
			isa = PBXGroup;
			children = (
				362F61D41CF18E6800D261B0 /* Masonry */,
				362F61911CF1876F00D261B0 /* SDWebImage */,
				36679BAF1CF163680013D6FE /* RDVTabBarController */,
				36FC55141CAB77B90009A775 /* AFNetworking */,
			);
			path = ThirdPartyLibrary;
			sourceTree = "<group>";
		};
		36FC55141CAB77B90009A775 /* AFNetworking */ = {
			isa = PBXGroup;
			children = (
				36FC55151CAB77B90009A775 /* AFHTTPSessionManager.h */,
				36FC55161CAB77B90009A775 /* AFHTTPSessionManager.m */,
				36FC55171CAB77B90009A775 /* AFNetworking.h */,
				36FC55181CAB77B90009A775 /* AFNetworkReachabilityManager.h */,
				36FC55191CAB77B90009A775 /* AFNetworkReachabilityManager.m */,
				36FC551A1CAB77B90009A775 /* AFSecurityPolicy.h */,
				36FC551B1CAB77B90009A775 /* AFSecurityPolicy.m */,
				36FC551C1CAB77B90009A775 /* AFURLRequestSerialization.h */,
				36FC551D1CAB77B90009A775 /* AFURLRequestSerialization.m */,
				36FC551E1CAB77B90009A775 /* AFURLResponseSerialization.h */,
				36FC551F1CAB77B90009A775 /* AFURLResponseSerialization.m */,
				36FC55201CAB77B90009A775 /* AFURLSessionManager.h */,
				36FC55211CAB77B90009A775 /* AFURLSessionManager.m */,
			);
			path = AFNetworking;
			sourceTree = "<group>";
		};
/* End PBXGroup section */

/* Begin PBXHeadersBuildPhase section */
		36FC54F01CAB71D70009A775 /* Headers */ = {
			isa = PBXHeadersBuildPhase;
			buildActionMask = 2147483647;
			files = (
				362F61F51CF18E6800D261B0 /* MASConstraintMaker.h in Headers */,
				362F62061CF18E6800D261B0 /* View+MASShorthandAdditions.h in Headers */,
				362F61FB1CF18E6800D261B0 /* MASViewAttribute.h in Headers */,
				362F61FA1CF18E6800D261B0 /* MASUtilities.h in Headers */,
				362F62011CF18E6800D261B0 /* NSArray+MASShorthandAdditions.h in Headers */,
				362F61FF1CF18E6800D261B0 /* NSArray+MASAdditions.h in Headers */,
				362F61FD1CF18E6800D261B0 /* MASViewConstraint.h in Headers */,
				362F62041CF18E6800D261B0 /* View+MASAdditions.h in Headers */,
				362F61F31CF18E6800D261B0 /* MASConstraint.h in Headers */,
				362F62021CF18E6800D261B0 /* NSLayoutConstraint+MASDebugAdditions.h in Headers */,
				362F61F21CF18E6800D261B0 /* MASConstraint+Private.h in Headers */,
				362F62071CF18E6800D261B0 /* ViewController+MASAdditions.h in Headers */,
				362F61F01CF18E6800D261B0 /* MASCompositeConstraint.h in Headers */,
				362F61F71CF18E6800D261B0 /* MASLayoutConstraint.h in Headers */,
				362F61F91CF18E6800D261B0 /* Masonry.h in Headers */,
				362F61B71CF1876F00D261B0 /* SDImageCache.h in Headers */,
				362F61B91CF1876F00D261B0 /* SDWebImageCompat.h in Headers */,
				362F61C81CF1876F00D261B0 /* UIImage+GIF.h in Headers */,
				362F61BF1CF1876F00D261B0 /* SDWebImageDownloaderOperation.h in Headers */,
				362F61BB1CF1876F00D261B0 /* SDWebImageDecoder.h in Headers */,
				362F61C61CF1876F00D261B0 /* UIButton+WebCache.h in Headers */,
				362F61CC1CF1876F00D261B0 /* UIImage+WebP.h in Headers */,
				362F61CE1CF1876F00D261B0 /* UIImageView+HighlightedWebCache.h in Headers */,
				362F61CA1CF1876F00D261B0 /* UIImage+MultiFormat.h in Headers */,
				362F61BD1CF1876F00D261B0 /* SDWebImageDownloader.h in Headers */,
				362F61D21CF1876F00D261B0 /* UIView+WebCacheOperation.h in Headers */,
				362F61B51CF1876F00D261B0 /* NSData+ImageContentType.h in Headers */,
				362F61B31CF1876F00D261B0 /* MKAnnotationView+WebCache.h in Headers */,
				362F61D01CF1876F00D261B0 /* UIImageView+WebCache.h in Headers */,
				362F61C11CF1876F00D261B0 /* SDWebImageManager.h in Headers */,
				362F61C31CF1876F00D261B0 /* SDWebImageOperation.h in Headers */,
				362F61C41CF1876F00D261B0 /* SDWebImagePrefetcher.h in Headers */,
				36679BB81CF163680013D6FE /* RDVTabBarController.h in Headers */,
				36679BB61CF163680013D6FE /* RDVTabBar.h in Headers */,
				36679BBA1CF163680013D6FE /* RDVTabBarItem.h in Headers */,
				36FC55291CAB77B90009A775 /* AFURLRequestSerialization.h in Headers */,
				36FC55221CAB77B90009A775 /* AFHTTPSessionManager.h in Headers */,
				36FC55271CAB77B90009A775 /* AFSecurityPolicy.h in Headers */,
				36FC55251CAB77B90009A775 /* AFNetworkReachabilityManager.h in Headers */,
				36FC552D1CAB77B90009A775 /* AFURLSessionManager.h in Headers */,
				36FC552B1CAB77B90009A775 /* AFURLResponseSerialization.h in Headers */,
				36FC55241CAB77B90009A775 /* AFNetworking.h in Headers */,
				36FC54F71CAB71D70009A775 /* YDKit.h in Headers */,
			);
			runOnlyForDeploymentPostprocessing = 0;
		};
/* End PBXHeadersBuildPhase section */

/* Begin PBXNativeTarget section */
		36FC54F21CAB71D70009A775 /* YDKit */ = {
			isa = PBXNativeTarget;
			buildConfigurationList = 36FC55071CAB71D70009A775 /* Build configuration list for PBXNativeTarget "YDKit" */;
			buildPhases = (
				36FC54EE1CAB71D70009A775 /* Sources */,
				36FC54EF1CAB71D70009A775 /* Frameworks */,
				36FC54F01CAB71D70009A775 /* Headers */,
				36FC54F11CAB71D70009A775 /* Resources */,
				36FC55121CAB75490009A775 /* CopyFiles */,
			);
			buildRules = (
			);
			dependencies = (
			);
			name = YDKit;
			productName = YDKit;
			productReference = 36FC54F31CAB71D70009A775 /* YDKit.framework */;
			productType = "com.apple.product-type.framework";
		};
		36FC54FC1CAB71D70009A775 /* YDKitTests */ = {
			isa = PBXNativeTarget;
			buildConfigurationList = 36FC550A1CAB71D70009A775 /* Build configuration list for PBXNativeTarget "YDKitTests" */;
			buildPhases = (
				36FC54F91CAB71D70009A775 /* Sources */,
				36FC54FA1CAB71D70009A775 /* Frameworks */,
				36FC54FB1CAB71D70009A775 /* Resources */,
			);
			buildRules = (
			);
			dependencies = (
				36FC55001CAB71D70009A775 /* PBXTargetDependency */,
			);
			name = YDKitTests;
			productName = YDKitTests;
			productReference = 36FC54FD1CAB71D70009A775 /* YDKitTests.xctest */;
			productType = "com.apple.product-type.bundle.unit-test";
		};
/* End PBXNativeTarget section */

/* Begin PBXProject section */
		36FC54EA1CAB71D70009A775 /* Project object */ = {
			isa = PBXProject;
			attributes = {
				LastUpgradeCheck = 0730;
				ORGANIZATIONNAME = "Y&D";
				TargetAttributes = {
					36FC54F21CAB71D70009A775 = {
						CreatedOnToolsVersion = 7.3;
					};
					36FC54FC1CAB71D70009A775 = {
						CreatedOnToolsVersion = 7.3;
					};
				};
			};
			buildConfigurationList = 36FC54ED1CAB71D70009A775 /* Build configuration list for PBXProject "YDKit" */;
			compatibilityVersion = "Xcode 3.2";
			developmentRegion = English;
			hasScannedForEncodings = 0;
			knownRegions = (
				en,
			);
			mainGroup = 36FC54E91CAB71D70009A775;
			productRefGroup = 36FC54F41CAB71D70009A775 /* Products */;
			projectDirPath = "";
			projectRoot = "";
			targets = (
				36FC54F21CAB71D70009A775 /* YDKit */,
				36FC54FC1CAB71D70009A775 /* YDKitTests */,
			);
		};
/* End PBXProject section */

/* Begin PBXResourcesBuildPhase section */
		36FC54F11CAB71D70009A775 /* Resources */ = {
			isa = PBXResourcesBuildPhase;
			buildActionMask = 2147483647;
			files = (
				362F61EF1CF18E6800D261B0 /* Info.plist in Resources */,
			);
			runOnlyForDeploymentPostprocessing = 0;
		};
		36FC54FB1CAB71D70009A775 /* Resources */ = {
			isa = PBXResourcesBuildPhase;
			buildActionMask = 2147483647;
			files = (
			);
			runOnlyForDeploymentPostprocessing = 0;
		};
/* End PBXResourcesBuildPhase section */

/* Begin PBXSourcesBuildPhase section */
		36FC54EE1CAB71D70009A775 /* Sources */ = {
			isa = PBXSourcesBuildPhase;
			buildActionMask = 2147483647;
			files = (
				362F61C51CF1876F00D261B0 /* SDWebImagePrefetcher.m in Sources */,
				36FC55261CAB77B90009A775 /* AFNetworkReachabilityManager.m in Sources */,
				362F61CD1CF1876F00D261B0 /* UIImage+WebP.m in Sources */,
				362F61D11CF1876F00D261B0 /* UIImageView+WebCache.m in Sources */,
				362F61F11CF18E6800D261B0 /* MASCompositeConstraint.m in Sources */,
				362F61FC1CF18E6800D261B0 /* MASViewAttribute.m in Sources */,
				362F61C01CF1876F00D261B0 /* SDWebImageDownloaderOperation.m in Sources */,
				362F61CF1CF1876F00D261B0 /* UIImageView+HighlightedWebCache.m in Sources */,
				36FC55281CAB77B90009A775 /* AFSecurityPolicy.m in Sources */,
				362F61BC1CF1876F00D261B0 /* SDWebImageDecoder.m in Sources */,
				362F61B61CF1876F00D261B0 /* NSData+ImageContentType.m in Sources */,
				362F62081CF18E6800D261B0 /* ViewController+MASAdditions.m in Sources */,
				362F62031CF18E6800D261B0 /* NSLayoutConstraint+MASDebugAdditions.m in Sources */,
				36679BBB1CF163680013D6FE /* RDVTabBarItem.m in Sources */,
				362F61F81CF18E6800D261B0 /* MASLayoutConstraint.m in Sources */,
				36FC55231CAB77B90009A775 /* AFHTTPSessionManager.m in Sources */,
				362F61B81CF1876F00D261B0 /* SDImageCache.m in Sources */,
				362F61C21CF1876F00D261B0 /* SDWebImageManager.m in Sources */,
				362F61D31CF1876F00D261B0 /* UIView+WebCacheOperation.m in Sources */,
				362F61BE1CF1876F00D261B0 /* SDWebImageDownloader.m in Sources */,
				362F61C91CF1876F00D261B0 /* UIImage+GIF.m in Sources */,
				36FC552E1CAB77B90009A775 /* AFURLSessionManager.m in Sources */,
				362F61B41CF1876F00D261B0 /* MKAnnotationView+WebCache.m in Sources */,
				362F62051CF18E6800D261B0 /* View+MASAdditions.m in Sources */,
				36679BB91CF163680013D6FE /* RDVTabBarController.m in Sources */,
				362F61F41CF18E6800D261B0 /* MASConstraint.m in Sources */,
				362F61F61CF18E6800D261B0 /* MASConstraintMaker.m in Sources */,
				362F61CB1CF1876F00D261B0 /* UIImage+MultiFormat.m in Sources */,
				362F61BA1CF1876F00D261B0 /* SDWebImageCompat.m in Sources */,
				362F61FE1CF18E6800D261B0 /* MASViewConstraint.m in Sources */,
				36FC552A1CAB77B90009A775 /* AFURLRequestSerialization.m in Sources */,
				362F62001CF18E6800D261B0 /* NSArray+MASAdditions.m in Sources */,
				36FC552C1CAB77B90009A775 /* AFURLResponseSerialization.m in Sources */,
				362F61C71CF1876F00D261B0 /* UIButton+WebCache.m in Sources */,
				36679BB71CF163680013D6FE /* RDVTabBar.m in Sources */,
			);
			runOnlyForDeploymentPostprocessing = 0;
		};
		36FC54F91CAB71D70009A775 /* Sources */ = {
			isa = PBXSourcesBuildPhase;
			buildActionMask = 2147483647;
			files = (
				36FC55031CAB71D70009A775 /* YDKitTests.m in Sources */,
			);
			runOnlyForDeploymentPostprocessing = 0;
		};
/* End PBXSourcesBuildPhase section */

/* Begin PBXTargetDependency section */
		36FC55001CAB71D70009A775 /* PBXTargetDependency */ = {
			isa = PBXTargetDependency;
			target = 36FC54F21CAB71D70009A775 /* YDKit */;
			targetProxy = 36FC54FF1CAB71D70009A775 /* PBXContainerItemProxy */;
		};
/* End PBXTargetDependency section */

/* Begin XCBuildConfiguration section */
		36FC55051CAB71D70009A775 /* Debug */ = {
			isa = XCBuildConfiguration;
			buildSettings = {
				ALWAYS_SEARCH_USER_PATHS = NO;
				CLANG_ANALYZER_NONNULL = YES;
				CLANG_CXX_LANGUAGE_STANDARD = "gnu++0x";
				CLANG_CXX_LIBRARY = "libc++";
				CLANG_ENABLE_MODULES = YES;
				CLANG_ENABLE_OBJC_ARC = YES;
				CLANG_WARN_BOOL_CONVERSION = YES;
				CLANG_WARN_CONSTANT_CONVERSION = YES;
				CLANG_WARN_DIRECT_OBJC_ISA_USAGE = YES_ERROR;
				CLANG_WARN_EMPTY_BODY = YES;
				CLANG_WARN_ENUM_CONVERSION = YES;
				CLANG_WARN_INT_CONVERSION = YES;
				CLANG_WARN_OBJC_ROOT_CLASS = YES_ERROR;
				CLANG_WARN_UNREACHABLE_CODE = YES;
				CLANG_WARN__DUPLICATE_METHOD_MATCH = YES;
				"CODE_SIGN_IDENTITY[sdk=iphoneos*]" = "iPhone Developer";
				COPY_PHASE_STRIP = NO;
				CURRENT_PROJECT_VERSION = 1;
				DEBUG_INFORMATION_FORMAT = dwarf;
				ENABLE_STRICT_OBJC_MSGSEND = YES;
				ENABLE_TESTABILITY = YES;
				GCC_C_LANGUAGE_STANDARD = gnu99;
				GCC_DYNAMIC_NO_PIC = NO;
				GCC_NO_COMMON_BLOCKS = YES;
				GCC_OPTIMIZATION_LEVEL = 0;
				GCC_PREPROCESSOR_DEFINITIONS = (
					"DEBUG=1",
					"$(inherited)",
				);
				GCC_WARN_64_TO_32_BIT_CONVERSION = YES;
				GCC_WARN_ABOUT_RETURN_TYPE = YES_ERROR;
				GCC_WARN_UNDECLARED_SELECTOR = YES;
				GCC_WARN_UNINITIALIZED_AUTOS = YES_AGGRESSIVE;
				GCC_WARN_UNUSED_FUNCTION = YES;
				GCC_WARN_UNUSED_VARIABLE = YES;
				IPHONEOS_DEPLOYMENT_TARGET = 9.3;
				MTL_ENABLE_DEBUG_INFO = YES;
				ONLY_ACTIVE_ARCH = YES;
				SDKROOT = iphoneos;
				TARGETED_DEVICE_FAMILY = "1,2";
				VERSIONING_SYSTEM = "apple-generic";
				VERSION_INFO_PREFIX = "";
			};
			name = Debug;
		};
		36FC55061CAB71D70009A775 /* Release */ = {
			isa = XCBuildConfiguration;
			buildSettings = {
				ALWAYS_SEARCH_USER_PATHS = NO;
				CLANG_ANALYZER_NONNULL = YES;
				CLANG_CXX_LANGUAGE_STANDARD = "gnu++0x";
				CLANG_CXX_LIBRARY = "libc++";
				CLANG_ENABLE_MODULES = YES;
				CLANG_ENABLE_OBJC_ARC = YES;
				CLANG_WARN_BOOL_CONVERSION = YES;
				CLANG_WARN_CONSTANT_CONVERSION = YES;
				CLANG_WARN_DIRECT_OBJC_ISA_USAGE = YES_ERROR;
				CLANG_WARN_EMPTY_BODY = YES;
				CLANG_WARN_ENUM_CONVERSION = YES;
				CLANG_WARN_INT_CONVERSION = YES;
				CLANG_WARN_OBJC_ROOT_CLASS = YES_ERROR;
				CLANG_WARN_UNREACHABLE_CODE = YES;
				CLANG_WARN__DUPLICATE_METHOD_MATCH = YES;
				"CODE_SIGN_IDENTITY[sdk=iphoneos*]" = "iPhone Developer";
				COPY_PHASE_STRIP = NO;
				CURRENT_PROJECT_VERSION = 1;
				DEBUG_INFORMATION_FORMAT = "dwarf-with-dsym";
				ENABLE_NS_ASSERTIONS = NO;
				ENABLE_STRICT_OBJC_MSGSEND = YES;
				GCC_C_LANGUAGE_STANDARD = gnu99;
				GCC_NO_COMMON_BLOCKS = YES;
				GCC_WARN_64_TO_32_BIT_CONVERSION = YES;
				GCC_WARN_ABOUT_RETURN_TYPE = YES_ERROR;
				GCC_WARN_UNDECLARED_SELECTOR = YES;
				GCC_WARN_UNINITIALIZED_AUTOS = YES_AGGRESSIVE;
				GCC_WARN_UNUSED_FUNCTION = YES;
				GCC_WARN_UNUSED_VARIABLE = YES;
				IPHONEOS_DEPLOYMENT_TARGET = 9.3;
				MTL_ENABLE_DEBUG_INFO = NO;
				SDKROOT = iphoneos;
				TARGETED_DEVICE_FAMILY = "1,2";
				VALIDATE_PRODUCT = YES;
				VERSIONING_SYSTEM = "apple-generic";
				VERSION_INFO_PREFIX = "";
			};
			name = Release;
		};
		36FC55081CAB71D70009A775 /* Debug */ = {
			isa = XCBuildConfiguration;
			buildSettings = {
				ALWAYS_SEARCH_USER_PATHS = NO;
				DEFINES_MODULE = YES;
				DYLIB_COMPATIBILITY_VERSION = 1;
				DYLIB_CURRENT_VERSION = 1;
				DYLIB_INSTALL_NAME_BASE = "@rpath";
				GCC_PRECOMPILE_PREFIX_HEADER = YES;
				GCC_PREFIX_HEADER = "YDKit/YDKit-Prefix.pch";
				INFOPLIST_FILE = YDKit/Info.plist;
				INSTALL_PATH = "$(LOCAL_LIBRARY_DIR)/Frameworks";
				LD_RUNPATH_SEARCH_PATHS = "$(inherited) @executable_path/Frameworks @loader_path/Frameworks";
				PRODUCT_BUNDLE_IDENTIFIER = com.yd.ydkit.YDKit;
				PRODUCT_NAME = "$(TARGET_NAME)";
				SKIP_INSTALL = YES;
				USER_HEADER_SEARCH_PATHS = "";
			};
			name = Debug;
		};
		36FC55091CAB71D70009A775 /* Release */ = {
			isa = XCBuildConfiguration;
			buildSettings = {
				ALWAYS_SEARCH_USER_PATHS = NO;
				DEFINES_MODULE = YES;
				DYLIB_COMPATIBILITY_VERSION = 1;
				DYLIB_CURRENT_VERSION = 1;
				DYLIB_INSTALL_NAME_BASE = "@rpath";
				GCC_PRECOMPILE_PREFIX_HEADER = YES;
				GCC_PREFIX_HEADER = "YDKit/YDKit-Prefix.pch";
				INFOPLIST_FILE = YDKit/Info.plist;
				INSTALL_PATH = "$(LOCAL_LIBRARY_DIR)/Frameworks";
				LD_RUNPATH_SEARCH_PATHS = "$(inherited) @executable_path/Frameworks @loader_path/Frameworks";
				PRODUCT_BUNDLE_IDENTIFIER = com.yd.ydkit.YDKit;
				PRODUCT_NAME = "$(TARGET_NAME)";
				SKIP_INSTALL = YES;
				USER_HEADER_SEARCH_PATHS = "";
			};
			name = Release;
		};
		36FC550B1CAB71D70009A775 /* Debug */ = {
			isa = XCBuildConfiguration;
			buildSettings = {
				INFOPLIST_FILE = YDKitTests/Info.plist;
				LD_RUNPATH_SEARCH_PATHS = "$(inherited) @executable_path/Frameworks @loader_path/Frameworks";
				PRODUCT_BUNDLE_IDENTIFIER = com.yd.ydkit.YDKitTests;
				PRODUCT_NAME = "$(TARGET_NAME)";
			};
			name = Debug;
		};
		36FC550C1CAB71D70009A775 /* Release */ = {
			isa = XCBuildConfiguration;
			buildSettings = {
				INFOPLIST_FILE = YDKitTests/Info.plist;
				LD_RUNPATH_SEARCH_PATHS = "$(inherited) @executable_path/Frameworks @loader_path/Frameworks";
				PRODUCT_BUNDLE_IDENTIFIER = com.yd.ydkit.YDKitTests;
				PRODUCT_NAME = "$(TARGET_NAME)";
			};
			name = Release;
		};
/* End XCBuildConfiguration section */

/* Begin XCConfigurationList section */
		36FC54ED1CAB71D70009A775 /* Build configuration list for PBXProject "YDKit" */ = {
			isa = XCConfigurationList;
			buildConfigurations = (
				36FC55051CAB71D70009A775 /* Debug */,
				36FC55061CAB71D70009A775 /* Release */,
			);
			defaultConfigurationIsVisible = 0;
			defaultConfigurationName = Release;
		};
		36FC55071CAB71D70009A775 /* Build configuration list for PBXNativeTarget "YDKit" */ = {
			isa = XCConfigurationList;
			buildConfigurations = (
				36FC55081CAB71D70009A775 /* Debug */,
				36FC55091CAB71D70009A775 /* Release */,
			);
			defaultConfigurationIsVisible = 0;
			defaultConfigurationName = Release;
		};
		36FC550A1CAB71D70009A775 /* Build configuration list for PBXNativeTarget "YDKitTests" */ = {
			isa = XCConfigurationList;
			buildConfigurations = (
				36FC550B1CAB71D70009A775 /* Debug */,
				36FC550C1CAB71D70009A775 /* Release */,
			);
			defaultConfigurationIsVisible = 0;
			defaultConfigurationName = Release;
		};
/* End XCConfigurationList section */
	};
	rootObject = 36FC54EA1CAB71D70009A775 /* Project object */;
}
